// !$*UTF8*$!
{
	archiveVersion = 1;
	classes = {
	};
	objectVersion = 46;
	objects = {

/* Begin PBXBuildFile section */
		07D3B013B63D0C54BCAF9C16 /* Pods_PulseTeach.framework in Frameworks */ = {isa = PBXBuildFile; fileRef = 81FA6D4D7067256C92484377 /* Pods_PulseTeach.framework */; };
		123AE4761C29F90D0008CB21 /* AppDelegate.swift in Sources */ = {isa = PBXBuildFile; fileRef = 123AE4751C29F90D0008CB21 /* AppDelegate.swift */; };
		123AE4781C29F90D0008CB21 /* ViewController.swift in Sources */ = {isa = PBXBuildFile; fileRef = 123AE4771C29F90D0008CB21 /* ViewController.swift */; };
		123AE47B1C29F90D0008CB21 /* Main.storyboard in Resources */ = {isa = PBXBuildFile; fileRef = 123AE4791C29F90D0008CB21 /* Main.storyboard */; };
		123AE47D1C29F90D0008CB21 /* Assets.xcassets in Resources */ = {isa = PBXBuildFile; fileRef = 123AE47C1C29F90D0008CB21 /* Assets.xcassets */; };
		123AE4801C29F90D0008CB21 /* LaunchScreen.storyboard in Resources */ = {isa = PBXBuildFile; fileRef = 123AE47E1C29F90D0008CB21 /* LaunchScreen.storyboard */; };
		123AE48B1C29F90D0008CB21 /* PulseTeachTests.swift in Sources */ = {isa = PBXBuildFile; fileRef = 123AE48A1C29F90D0008CB21 /* PulseTeachTests.swift */; };
		123AE4961C29F90D0008CB21 /* PulseTeachUITests.swift in Sources */ = {isa = PBXBuildFile; fileRef = 123AE4951C29F90D0008CB21 /* PulseTeachUITests.swift */; };
		124F32591C31D6A800FC6AA6 /* ClassIconCollectionViewCell.swift in Sources */ = {isa = PBXBuildFile; fileRef = 124F32581C31D6A800FC6AA6 /* ClassIconCollectionViewCell.swift */; };
		124F325B1C31D72900FC6AA6 /* ClassesCollectionViewController.swift in Sources */ = {isa = PBXBuildFile; fileRef = 124F325A1C31D72900FC6AA6 /* ClassesCollectionViewController.swift */; };
		124F325D1C31D86D00FC6AA6 /* ClassCollectionModel.swift in Sources */ = {isa = PBXBuildFile; fileRef = 124F325C1C31D86D00FC6AA6 /* ClassCollectionModel.swift */; };
		124F325F1C32F45000FC6AA6 /* ClassSummaryViewController.swift in Sources */ = {isa = PBXBuildFile; fileRef = 124F325E1C32F45000FC6AA6 /* ClassSummaryViewController.swift */; };
		124F32611C32F47300FC6AA6 /* Constants.swift in Sources */ = {isa = PBXBuildFile; fileRef = 124F32601C32F47300FC6AA6 /* Constants.swift */; };
		1251C90F1C2A02F200EB2B43 /* Question.swift in Sources */ = {isa = PBXBuildFile; fileRef = 1251C90C1C2A02F200EB2B43 /* Question.swift */; };
		1251C9101C2A02F200EB2B43 /* ClassSession_Beta.swift in Sources */ = {isa = PBXBuildFile; fileRef = 1251C90D1C2A02F200EB2B43 /* ClassSession_Beta.swift */; };
		1251C9111C2A02F200EB2B43 /* PulseClass.swift in Sources */ = {isa = PBXBuildFile; fileRef = 1251C90E1C2A02F200EB2B43 /* PulseClass.swift */; };
		1251C9141C2A033800EB2B43 /* AddQuestionFormViewController.swift in Sources */ = {isa = PBXBuildFile; fileRef = 1251C9131C2A033800EB2B43 /* AddQuestionFormViewController.swift */; };
/* End PBXBuildFile section */

/* Begin PBXContainerItemProxy section */
		123AE4871C29F90D0008CB21 /* PBXContainerItemProxy */ = {
			isa = PBXContainerItemProxy;
			containerPortal = 123AE46A1C29F90C0008CB21 /* Project object */;
			proxyType = 1;
			remoteGlobalIDString = 123AE4711C29F90C0008CB21;
			remoteInfo = PulseTeach;
		};
		123AE4921C29F90D0008CB21 /* PBXContainerItemProxy */ = {
			isa = PBXContainerItemProxy;
			containerPortal = 123AE46A1C29F90C0008CB21 /* Project object */;
			proxyType = 1;
			remoteGlobalIDString = 123AE4711C29F90C0008CB21;
			remoteInfo = PulseTeach;
		};
/* End PBXContainerItemProxy section */

/* Begin PBXFileReference section */
		123AE4721C29F90C0008CB21 /* PulseTeach.app */ = {isa = PBXFileReference; explicitFileType = wrapper.application; includeInIndex = 0; path = PulseTeach.app; sourceTree = BUILT_PRODUCTS_DIR; };
		123AE4751C29F90D0008CB21 /* AppDelegate.swift */ = {isa = PBXFileReference; lastKnownFileType = sourcecode.swift; path = AppDelegate.swift; sourceTree = "<group>"; };
		123AE4771C29F90D0008CB21 /* ViewController.swift */ = {isa = PBXFileReference; lastKnownFileType = sourcecode.swift; path = ViewController.swift; sourceTree = "<group>"; };
		123AE47A1C29F90D0008CB21 /* Base */ = {isa = PBXFileReference; lastKnownFileType = file.storyboard; name = Base; path = Base.lproj/Main.storyboard; sourceTree = "<group>"; };
		123AE47C1C29F90D0008CB21 /* Assets.xcassets */ = {isa = PBXFileReference; lastKnownFileType = folder.assetcatalog; path = Assets.xcassets; sourceTree = "<group>"; };
		123AE47F1C29F90D0008CB21 /* Base */ = {isa = PBXFileReference; lastKnownFileType = file.storyboard; name = Base; path = Base.lproj/LaunchScreen.storyboard; sourceTree = "<group>"; };
		123AE4811C29F90D0008CB21 /* Info.plist */ = {isa = PBXFileReference; lastKnownFileType = text.plist.xml; path = Info.plist; sourceTree = "<group>"; };
		123AE4861C29F90D0008CB21 /* PulseTeachTests.xctest */ = {isa = PBXFileReference; explicitFileType = wrapper.cfbundle; includeInIndex = 0; path = PulseTeachTests.xctest; sourceTree = BUILT_PRODUCTS_DIR; };
		123AE48A1C29F90D0008CB21 /* PulseTeachTests.swift */ = {isa = PBXFileReference; lastKnownFileType = sourcecode.swift; path = PulseTeachTests.swift; sourceTree = "<group>"; };
		123AE48C1C29F90D0008CB21 /* Info.plist */ = {isa = PBXFileReference; lastKnownFileType = text.plist.xml; path = Info.plist; sourceTree = "<group>"; };
		123AE4911C29F90D0008CB21 /* PulseTeachUITests.xctest */ = {isa = PBXFileReference; explicitFileType = wrapper.cfbundle; includeInIndex = 0; path = PulseTeachUITests.xctest; sourceTree = BUILT_PRODUCTS_DIR; };
		123AE4951C29F90D0008CB21 /* PulseTeachUITests.swift */ = {isa = PBXFileReference; lastKnownFileType = sourcecode.swift; path = PulseTeachUITests.swift; sourceTree = "<group>"; };
		123AE4971C29F90D0008CB21 /* Info.plist */ = {isa = PBXFileReference; lastKnownFileType = text.plist.xml; path = Info.plist; sourceTree = "<group>"; };
		124F32581C31D6A800FC6AA6 /* ClassIconCollectionViewCell.swift */ = {isa = PBXFileReference; fileEncoding = 4; lastKnownFileType = sourcecode.swift; path = ClassIconCollectionViewCell.swift; sourceTree = "<group>"; };
		124F325A1C31D72900FC6AA6 /* ClassesCollectionViewController.swift */ = {isa = PBXFileReference; fileEncoding = 4; lastKnownFileType = sourcecode.swift; path = ClassesCollectionViewController.swift; sourceTree = "<group>"; };
		124F325C1C31D86D00FC6AA6 /* ClassCollectionModel.swift */ = {isa = PBXFileReference; fileEncoding = 4; lastKnownFileType = sourcecode.swift; path = ClassCollectionModel.swift; sourceTree = "<group>"; };
		124F325E1C32F45000FC6AA6 /* ClassSummaryViewController.swift */ = {isa = PBXFileReference; fileEncoding = 4; lastKnownFileType = sourcecode.swift; path = ClassSummaryViewController.swift; sourceTree = "<group>"; };
		124F32601C32F47300FC6AA6 /* Constants.swift */ = {isa = PBXFileReference; fileEncoding = 4; lastKnownFileType = sourcecode.swift; path = Constants.swift; sourceTree = "<group>"; };
		1251C90C1C2A02F200EB2B43 /* Question.swift */ = {isa = PBXFileReference; fileEncoding = 4; lastKnownFileType = sourcecode.swift; path = Question.swift; sourceTree = "<group>"; };
		1251C90D1C2A02F200EB2B43 /* ClassSession_Beta.swift */ = {isa = PBXFileReference; fileEncoding = 4; lastKnownFileType = sourcecode.swift; path = ClassSession_Beta.swift; sourceTree = "<group>"; };
		1251C90E1C2A02F200EB2B43 /* PulseClass.swift */ = {isa = PBXFileReference; fileEncoding = 4; lastKnownFileType = sourcecode.swift; path = PulseClass.swift; sourceTree = "<group>"; };
		1251C9131C2A033800EB2B43 /* AddQuestionFormViewController.swift */ = {isa = PBXFileReference; fileEncoding = 4; lastKnownFileType = sourcecode.swift; path = AddQuestionFormViewController.swift; sourceTree = "<group>"; };
		4C30BFB694812DAC286C2DB9 /* Pods-PulseTeach.release.xcconfig */ = {isa = PBXFileReference; includeInIndex = 1; lastKnownFileType = text.xcconfig; name = "Pods-PulseTeach.release.xcconfig"; path = "Pods/Target Support Files/Pods-PulseTeach/Pods-PulseTeach.release.xcconfig"; sourceTree = "<group>"; };
		81FA6D4D7067256C92484377 /* Pods_PulseTeach.framework */ = {isa = PBXFileReference; explicitFileType = wrapper.framework; includeInIndex = 0; path = Pods_PulseTeach.framework; sourceTree = BUILT_PRODUCTS_DIR; };
		D3582DA3E3F0433B97F80BC0 /* Pods-PulseTeach.debug.xcconfig */ = {isa = PBXFileReference; includeInIndex = 1; lastKnownFileType = text.xcconfig; name = "Pods-PulseTeach.debug.xcconfig"; path = "Pods/Target Support Files/Pods-PulseTeach/Pods-PulseTeach.debug.xcconfig"; sourceTree = "<group>"; };
/* End PBXFileReference section */

/* Begin PBXFrameworksBuildPhase section */
		123AE46F1C29F90C0008CB21 /* Frameworks */ = {
			isa = PBXFrameworksBuildPhase;
			buildActionMask = 2147483647;
			files = (
				07D3B013B63D0C54BCAF9C16 /* Pods_PulseTeach.framework in Frameworks */,
			);
			runOnlyForDeploymentPostprocessing = 0;
		};
		123AE4831C29F90D0008CB21 /* Frameworks */ = {
			isa = PBXFrameworksBuildPhase;
			buildActionMask = 2147483647;
			files = (
			);
			runOnlyForDeploymentPostprocessing = 0;
		};
		123AE48E1C29F90D0008CB21 /* Frameworks */ = {
			isa = PBXFrameworksBuildPhase;
			buildActionMask = 2147483647;
			files = (
			);
			runOnlyForDeploymentPostprocessing = 0;
		};
/* End PBXFrameworksBuildPhase section */

/* Begin PBXGroup section */
		1085E044A9843CD2B2F40251 /* Pods */ = {
			isa = PBXGroup;
			children = (
				D3582DA3E3F0433B97F80BC0 /* Pods-PulseTeach.debug.xcconfig */,
				4C30BFB694812DAC286C2DB9 /* Pods-PulseTeach.release.xcconfig */,
			);
			name = Pods;
			sourceTree = "<group>";
		};
		123AE4691C29F90C0008CB21 = {
			isa = PBXGroup;
			children = (
				123AE4741C29F90C0008CB21 /* PulseTeach */,
				123AE4891C29F90D0008CB21 /* PulseTeachTests */,
				123AE4941C29F90D0008CB21 /* PulseTeachUITests */,
				123AE4731C29F90C0008CB21 /* Products */,
				1085E044A9843CD2B2F40251 /* Pods */,
				D4EB27DE48DB5E9EA80C064A /* Frameworks */,
			);
			sourceTree = "<group>";
		};
		123AE4731C29F90C0008CB21 /* Products */ = {
			isa = PBXGroup;
			children = (
				123AE4721C29F90C0008CB21 /* PulseTeach.app */,
				123AE4861C29F90D0008CB21 /* PulseTeachTests.xctest */,
				123AE4911C29F90D0008CB21 /* PulseTeachUITests.xctest */,
			);
			name = Products;
			sourceTree = "<group>";
		};
		123AE4741C29F90C0008CB21 /* PulseTeach */ = {
			isa = PBXGroup;
			children = (
				1251C90A1C2A02DE00EB2B43 /* Models */,
				123AE4751C29F90D0008CB21 /* AppDelegate.swift */,
				1251C9121C2A030400EB2B43 /* Controllers */,
				124F32571C31D69100FC6AA6 /* Views */,
				123AE47C1C29F90D0008CB21 /* Assets.xcassets */,
				123AE47E1C29F90D0008CB21 /* LaunchScreen.storyboard */,
				123AE4811C29F90D0008CB21 /* Info.plist */,
				124F32601C32F47300FC6AA6 /* Constants.swift */,
			);
			path = PulseTeach;
			sourceTree = "<group>";
		};
		123AE4891C29F90D0008CB21 /* PulseTeachTests */ = {
			isa = PBXGroup;
			children = (
				123AE48A1C29F90D0008CB21 /* PulseTeachTests.swift */,
				123AE48C1C29F90D0008CB21 /* Info.plist */,
			);
			path = PulseTeachTests;
			sourceTree = "<group>";
		};
		123AE4941C29F90D0008CB21 /* PulseTeachUITests */ = {
			isa = PBXGroup;
			children = (
				123AE4951C29F90D0008CB21 /* PulseTeachUITests.swift */,
				123AE4971C29F90D0008CB21 /* Info.plist */,
			);
			path = PulseTeachUITests;
			sourceTree = "<group>";
		};
		124F32571C31D69100FC6AA6 /* Views */ = {
			isa = PBXGroup;
			children = (
				123AE4791C29F90D0008CB21 /* Main.storyboard */,
				124F32581C31D6A800FC6AA6 /* ClassIconCollectionViewCell.swift */,
			);
			name = Views;
			sourceTree = "<group>";
		};
		1251C90A1C2A02DE00EB2B43 /* Models */ = {
			isa = PBXGroup;
			children = (
				1251C90B1C2A02E400EB2B43 /* Parse Objects */,
				124F325C1C31D86D00FC6AA6 /* ClassCollectionModel.swift */,
			);
			name = Models;
			sourceTree = "<group>";
		};
		1251C90B1C2A02E400EB2B43 /* Parse Objects */ = {
			isa = PBXGroup;
			children = (
				1251C90C1C2A02F200EB2B43 /* Question.swift */,
				1251C90D1C2A02F200EB2B43 /* ClassSession_Beta.swift */,
				1251C90E1C2A02F200EB2B43 /* PulseClass.swift */,
			);
			name = "Parse Objects";
			sourceTree = "<group>";
		};
		1251C9121C2A030400EB2B43 /* Controllers */ = {
			isa = PBXGroup;
			children = (
				123AE4771C29F90D0008CB21 /* ViewController.swift */,
				1251C9131C2A033800EB2B43 /* AddQuestionFormViewController.swift */,
				124F325A1C31D72900FC6AA6 /* ClassesCollectionViewController.swift */,
				124F325E1C32F45000FC6AA6 /* ClassSummaryViewController.swift */,
			);
			name = Controllers;
			sourceTree = "<group>";
		};
		D4EB27DE48DB5E9EA80C064A /* Frameworks */ = {
			isa = PBXGroup;
			children = (
				81FA6D4D7067256C92484377 /* Pods_PulseTeach.framework */,
			);
			name = Frameworks;
			sourceTree = "<group>";
		};
/* End PBXGroup section */

/* Begin PBXNativeTarget section */
		123AE4711C29F90C0008CB21 /* PulseTeach */ = {
			isa = PBXNativeTarget;
			buildConfigurationList = 123AE49A1C29F90D0008CB21 /* Build configuration list for PBXNativeTarget "PulseTeach" */;
			buildPhases = (
				433C2267269CF97C8D0105E9 /* Check Pods Manifest.lock */,
				123AE46E1C29F90C0008CB21 /* Sources */,
				123AE46F1C29F90C0008CB21 /* Frameworks */,
				123AE4701C29F90C0008CB21 /* Resources */,
				003A805F5B82058F28D37E9E /* Embed Pods Frameworks */,
				E0E2D73CE04B57AC059BC8BA /* Copy Pods Resources */,
			);
			buildRules = (
			);
			dependencies = (
			);
			name = PulseTeach;
			productName = PulseTeach;
			productReference = 123AE4721C29F90C0008CB21 /* PulseTeach.app */;
			productType = "com.apple.product-type.application";
		};
		123AE4851C29F90D0008CB21 /* PulseTeachTests */ = {
			isa = PBXNativeTarget;
			buildConfigurationList = 123AE49D1C29F90D0008CB21 /* Build configuration list for PBXNativeTarget "PulseTeachTests" */;
			buildPhases = (
				123AE4821C29F90D0008CB21 /* Sources */,
				123AE4831C29F90D0008CB21 /* Frameworks */,
				123AE4841C29F90D0008CB21 /* Resources */,
			);
			buildRules = (
			);
			dependencies = (
				123AE4881C29F90D0008CB21 /* PBXTargetDependency */,
			);
			name = PulseTeachTests;
			productName = PulseTeachTests;
			productReference = 123AE4861C29F90D0008CB21 /* PulseTeachTests.xctest */;
			productType = "com.apple.product-type.bundle.unit-test";
		};
		123AE4901C29F90D0008CB21 /* PulseTeachUITests */ = {
			isa = PBXNativeTarget;
			buildConfigurationList = 123AE4A01C29F90D0008CB21 /* Build configuration list for PBXNativeTarget "PulseTeachUITests" */;
			buildPhases = (
				123AE48D1C29F90D0008CB21 /* Sources */,
				123AE48E1C29F90D0008CB21 /* Frameworks */,
				123AE48F1C29F90D0008CB21 /* Resources */,
			);
			buildRules = (
			);
			dependencies = (
				123AE4931C29F90D0008CB21 /* PBXTargetDependency */,
			);
			name = PulseTeachUITests;
			productName = PulseTeachUITests;
			productReference = 123AE4911C29F90D0008CB21 /* PulseTeachUITests.xctest */;
			productType = "com.apple.product-type.bundle.ui-testing";
		};
/* End PBXNativeTarget section */

/* Begin PBXProject section */
		123AE46A1C29F90C0008CB21 /* Project object */ = {
			isa = PBXProject;
			attributes = {
				LastSwiftUpdateCheck = 0720;
				LastUpgradeCheck = 0720;
				ORGANIZATIONNAME = "Pulse Lab";
				TargetAttributes = {
					123AE4711C29F90C0008CB21 = {
						CreatedOnToolsVersion = 7.2;
					};
					123AE4851C29F90D0008CB21 = {
						CreatedOnToolsVersion = 7.2;
						TestTargetID = 123AE4711C29F90C0008CB21;
					};
					123AE4901C29F90D0008CB21 = {
						CreatedOnToolsVersion = 7.2;
						TestTargetID = 123AE4711C29F90C0008CB21;
					};
				};
			};
			buildConfigurationList = 123AE46D1C29F90C0008CB21 /* Build configuration list for PBXProject "PulseTeach" */;
			compatibilityVersion = "Xcode 3.2";
			developmentRegion = English;
			hasScannedForEncodings = 0;
			knownRegions = (
				en,
				Base,
			);
			mainGroup = 123AE4691C29F90C0008CB21;
			productRefGroup = 123AE4731C29F90C0008CB21 /* Products */;
			projectDirPath = "";
			projectRoot = "";
			targets = (
				123AE4711C29F90C0008CB21 /* PulseTeach */,
				123AE4851C29F90D0008CB21 /* PulseTeachTests */,
				123AE4901C29F90D0008CB21 /* PulseTeachUITests */,
			);
		};
/* End PBXProject section */

/* Begin PBXResourcesBuildPhase section */
		123AE4701C29F90C0008CB21 /* Resources */ = {
			isa = PBXResourcesBuildPhase;
			buildActionMask = 2147483647;
			files = (
				123AE4801C29F90D0008CB21 /* LaunchScreen.storyboard in Resources */,
				123AE47D1C29F90D0008CB21 /* Assets.xcassets in Resources */,
				123AE47B1C29F90D0008CB21 /* Main.storyboard in Resources */,
			);
			runOnlyForDeploymentPostprocessing = 0;
		};
		123AE4841C29F90D0008CB21 /* Resources */ = {
			isa = PBXResourcesBuildPhase;
			buildActionMask = 2147483647;
			files = (
			);
			runOnlyForDeploymentPostprocessing = 0;
		};
		123AE48F1C29F90D0008CB21 /* Resources */ = {
			isa = PBXResourcesBuildPhase;
			buildActionMask = 2147483647;
			files = (
			);
			runOnlyForDeploymentPostprocessing = 0;
		};
/* End PBXResourcesBuildPhase section */

/* Begin PBXShellScriptBuildPhase section */
		003A805F5B82058F28D37E9E /* Embed Pods Frameworks */ = {
			isa = PBXShellScriptBuildPhase;
			buildActionMask = 2147483647;
			files = (
			);
			inputPaths = (
			);
			name = "Embed Pods Frameworks";
			outputPaths = (
			);
			runOnlyForDeploymentPostprocessing = 0;
			shellPath = /bin/sh;
			shellScript = "\"${SRCROOT}/Pods/Target Support Files/Pods-PulseTeach/Pods-PulseTeach-frameworks.sh\"\n";
			showEnvVarsInLog = 0;
		};
		433C2267269CF97C8D0105E9 /* Check Pods Manifest.lock */ = {
			isa = PBXShellScriptBuildPhase;
			buildActionMask = 2147483647;
			files = (
			);
			inputPaths = (
			);
			name = "Check Pods Manifest.lock";
			outputPaths = (
			);
			runOnlyForDeploymentPostprocessing = 0;
			shellPath = /bin/sh;
			shellScript = "diff \"${PODS_ROOT}/../Podfile.lock\" \"${PODS_ROOT}/Manifest.lock\" > /dev/null\nif [[ $? != 0 ]] ; then\n    cat << EOM\nerror: The sandbox is not in sync with the Podfile.lock. Run 'pod install' or update your CocoaPods installation.\nEOM\n    exit 1\nfi\n";
			showEnvVarsInLog = 0;
		};
		E0E2D73CE04B57AC059BC8BA /* Copy Pods Resources */ = {
			isa = PBXShellScriptBuildPhase;
			buildActionMask = 2147483647;
			files = (
			);
			inputPaths = (
			);
			name = "Copy Pods Resources";
			outputPaths = (
			);
			runOnlyForDeploymentPostprocessing = 0;
			shellPath = /bin/sh;
			shellScript = "\"${SRCROOT}/Pods/Target Support Files/Pods-PulseTeach/Pods-PulseTeach-resources.sh\"\n";
			showEnvVarsInLog = 0;
		};
/* End PBXShellScriptBuildPhase section */

/* Begin PBXSourcesBuildPhase section */
		123AE46E1C29F90C0008CB21 /* Sources */ = {
			isa = PBXSourcesBuildPhase;
			buildActionMask = 2147483647;
			files = (
				1251C90F1C2A02F200EB2B43 /* Question.swift in Sources */,
				124F32611C32F47300FC6AA6 /* Constants.swift in Sources */,
				124F325B1C31D72900FC6AA6 /* ClassesCollectionViewController.swift in Sources */,
				123AE4781C29F90D0008CB21 /* ViewController.swift in Sources */,
				1251C9141C2A033800EB2B43 /* AddQuestionFormViewController.swift in Sources */,
				123AE4761C29F90D0008CB21 /* AppDelegate.swift in Sources */,
				1251C9101C2A02F200EB2B43 /* ClassSession_Beta.swift in Sources */,
				124F325D1C31D86D00FC6AA6 /* ClassCollectionModel.swift in Sources */,
				1251C9111C2A02F200EB2B43 /* PulseClass.swift in Sources */,
				124F325F1C32F45000FC6AA6 /* ClassSummaryViewController.swift in Sources */,
				124F32591C31D6A800FC6AA6 /* ClassIconCollectionViewCell.swift in Sources */,
			);
			runOnlyForDeploymentPostprocessing = 0;
		};
		123AE4821C29F90D0008CB21 /* Sources */ = {
			isa = PBXSourcesBuildPhase;
			buildActionMask = 2147483647;
			files = (
				123AE48B1C29F90D0008CB21 /* PulseTeachTests.swift in Sources */,
			);
			runOnlyForDeploymentPostprocessing = 0;
		};
		123AE48D1C29F90D0008CB21 /* Sources */ = {
			isa = PBXSourcesBuildPhase;
			buildActionMask = 2147483647;
			files = (
				123AE4961C29F90D0008CB21 /* PulseTeachUITests.swift in Sources */,
			);
			runOnlyForDeploymentPostprocessing = 0;
		};
/* End PBXSourcesBuildPhase section */

/* Begin PBXTargetDependency section */
		123AE4881C29F90D0008CB21 /* PBXTargetDependency */ = {
			isa = PBXTargetDependency;
			target = 123AE4711C29F90C0008CB21 /* PulseTeach */;
			targetProxy = 123AE4871C29F90D0008CB21 /* PBXContainerItemProxy */;
		};
		123AE4931C29F90D0008CB21 /* PBXTargetDependency */ = {
			isa = PBXTargetDependency;
			target = 123AE4711C29F90C0008CB21 /* PulseTeach */;
			targetProxy = 123AE4921C29F90D0008CB21 /* PBXContainerItemProxy */;
		};
/* End PBXTargetDependency section */

/* Begin PBXVariantGroup section */
		123AE4791C29F90D0008CB21 /* Main.storyboard */ = {
			isa = PBXVariantGroup;
			children = (
				123AE47A1C29F90D0008CB21 /* Base */,
			);
			name = Main.storyboard;
			sourceTree = "<group>";
		};
		123AE47E1C29F90D0008CB21 /* LaunchScreen.storyboard */ = {
			isa = PBXVariantGroup;
			children = (
				123AE47F1C29F90D0008CB21 /* Base */,
			);
			name = LaunchScreen.storyboard;
			sourceTree = "<group>";
		};
/* End PBXVariantGroup section */

/* Begin XCBuildConfiguration section */
		123AE4981C29F90D0008CB21 /* Debug */ = {
			isa = XCBuildConfiguration;
			buildSettings = {
				ALWAYS_SEARCH_USER_PATHS = NO;
				CLANG_CXX_LANGUAGE_STANDARD = "gnu++0x";
				CLANG_CXX_LIBRARY = "libc++";
				CLANG_ENABLE_MODULES = YES;
				CLANG_ENABLE_OBJC_ARC = YES;
				CLANG_WARN_BOOL_CONVERSION = YES;
				CLANG_WARN_CONSTANT_CONVERSION = YES;
				CLANG_WARN_DIRECT_OBJC_ISA_USAGE = YES_ERROR;
				CLANG_WARN_EMPTY_BODY = YES;
				CLANG_WARN_ENUM_CONVERSION = YES;
				CLANG_WARN_INT_CONVERSION = YES;
				CLANG_WARN_OBJC_ROOT_CLASS = YES_ERROR;
				CLANG_WARN_UNREACHABLE_CODE = YES;
				CLANG_WARN__DUPLICATE_METHOD_MATCH = YES;
				"CODE_SIGN_IDENTITY[sdk=iphoneos*]" = "iPhone Developer";
				COPY_PHASE_STRIP = NO;
				DEBUG_INFORMATION_FORMAT = dwarf;
				ENABLE_STRICT_OBJC_MSGSEND = YES;
				ENABLE_TESTABILITY = YES;
				GCC_C_LANGUAGE_STANDARD = gnu99;
				GCC_DYNAMIC_NO_PIC = NO;
				GCC_NO_COMMON_BLOCKS = YES;
				GCC_OPTIMIZATION_LEVEL = 0;
				GCC_PREPROCESSOR_DEFINITIONS = (
					"DEBUG=1",
					"$(inherited)",
				);
				GCC_WARN_64_TO_32_BIT_CONVERSION = YES;
				GCC_WARN_ABOUT_RETURN_TYPE = YES_ERROR;
				GCC_WARN_UNDECLARED_SELECTOR = YES;
				GCC_WARN_UNINITIALIZED_AUTOS = YES_AGGRESSIVE;
				GCC_WARN_UNUSED_FUNCTION = YES;
				GCC_WARN_UNUSED_VARIABLE = YES;
				IPHONEOS_DEPLOYMENT_TARGET = 9.2;
				MTL_ENABLE_DEBUG_INFO = YES;
				ONLY_ACTIVE_ARCH = YES;
				SDKROOT = iphoneos;
				SWIFT_OPTIMIZATION_LEVEL = "-Onone";
				TARGETED_DEVICE_FAMILY = "1,2";
			};
			name = Debug;
		};
		123AE4991C29F90D0008CB21 /* Release */ = {
			isa = XCBuildConfiguration;
			buildSettings = {
				ALWAYS_SEARCH_USER_PATHS = NO;
				CLANG_CXX_LANGUAGE_STANDARD = "gnu++0x";
				CLANG_CXX_LIBRARY = "libc++";
				CLANG_ENABLE_MODULES = YES;
				CLANG_ENABLE_OBJC_ARC = YES;
				CLANG_WARN_BOOL_CONVERSION = YES;
				CLANG_WARN_CONSTANT_CONVERSION = YES;
				CLANG_WARN_DIRECT_OBJC_ISA_USAGE = YES_ERROR;
				CLANG_WARN_EMPTY_BODY = YES;
				CLANG_WARN_ENUM_CONVERSION = YES;
				CLANG_WARN_INT_CONVERSION = YES;
				CLANG_WARN_OBJC_ROOT_CLASS = YES_ERROR;
				CLANG_WARN_UNREACHABLE_CODE = YES;
				CLANG_WARN__DUPLICATE_METHOD_MATCH = YES;
				"CODE_SIGN_IDENTITY[sdk=iphoneos*]" = "iPhone Developer";
				COPY_PHASE_STRIP = NO;
				DEBUG_INFORMATION_FORMAT = "dwarf-with-dsym";
				ENABLE_NS_ASSERTIONS = NO;
				ENABLE_STRICT_OBJC_MSGSEND = YES;
				GCC_C_LANGUAGE_STANDARD = gnu99;
				GCC_NO_COMMON_BLOCKS = YES;
				GCC_WARN_64_TO_32_BIT_CONVERSION = YES;
				GCC_WARN_ABOUT_RETURN_TYPE = YES_ERROR;
				GCC_WARN_UNDECLARED_SELECTOR = YES;
				GCC_WARN_UNINITIALIZED_AUTOS = YES_AGGRESSIVE;
				GCC_WARN_UNUSED_FUNCTION = YES;
				GCC_WARN_UNUSED_VARIABLE = YES;
				IPHONEOS_DEPLOYMENT_TARGET = 9.2;
				MTL_ENABLE_DEBUG_INFO = NO;
				SDKROOT = iphoneos;
				TARGETED_DEVICE_FAMILY = "1,2";
				VALIDATE_PRODUCT = YES;
			};
			name = Release;
		};
		123AE49B1C29F90D0008CB21 /* Debug */ = {
			isa = XCBuildConfiguration;
			baseConfigurationReference = D3582DA3E3F0433B97F80BC0 /* Pods-PulseTeach.debug.xcconfig */;
			buildSettings = {
				ASSETCATALOG_COMPILER_APPICON_NAME = AppIcon;
				INFOPLIST_FILE = PulseTeach/Info.plist;
				LD_RUNPATH_SEARCH_PATHS = "$(inherited) @executable_path/Frameworks";
				PRODUCT_BUNDLE_IDENTIFIER = io.pulselab.PulseTeach;
				PRODUCT_NAME = "$(TARGET_NAME)";
			};
			name = Debug;
		};
		123AE49C1C29F90D0008CB21 /* Release */ = {
			isa = XCBuildConfiguration;
			baseConfigurationReference = 4C30BFB694812DAC286C2DB9 /* Pods-PulseTeach.release.xcconfig */;
			buildSettings = {
				ASSETCATALOG_COMPILER_APPICON_NAME = AppIcon;
				INFOPLIST_FILE = PulseTeach/Info.plist;
				LD_RUNPATH_SEARCH_PATHS = "$(inherited) @executable_path/Frameworks";
				PRODUCT_BUNDLE_IDENTIFIER = io.pulselab.PulseTeach;
				PRODUCT_NAME = "$(TARGET_NAME)";
			};
			name = Release;
		};
		123AE49E1C29F90D0008CB21 /* Debug */ = {
			isa = XCBuildConfiguration;
			buildSettings = {
				BUNDLE_LOADER = "$(TEST_HOST)";
				INFOPLIST_FILE = PulseTeachTests/Info.plist;
				LD_RUNPATH_SEARCH_PATHS = "$(inherited) @executable_path/Frameworks @loader_path/Frameworks";
				PRODUCT_BUNDLE_IDENTIFIER = io.pulselab.PulseTeachTests;
				PRODUCT_NAME = "$(TARGET_NAME)";
				TEST_HOST = "$(BUILT_PRODUCTS_DIR)/PulseTeach.app/PulseTeach";
			};
			name = Debug;
		};
		123AE49F1C29F90D0008CB21 /* Release */ = {
			isa = XCBuildConfiguration;
			buildSettings = {
				BUNDLE_LOADER = "$(TEST_HOST)";
				INFOPLIST_FILE = PulseTeachTests/Info.plist;
				LD_RUNPATH_SEARCH_PATHS = "$(inherited) @executable_path/Frameworks @loader_path/Frameworks";
				PRODUCT_BUNDLE_IDENTIFIER = io.pulselab.PulseTeachTests;
				PRODUCT_NAME = "$(TARGET_NAME)";
				TEST_HOST = "$(BUILT_PRODUCTS_DIR)/PulseTeach.app/PulseTeach";
			};
			name = Release;
		};
		123AE4A11C29F90D0008CB21 /* Debug */ = {
			isa = XCBuildConfiguration;
			buildSettings = {
				INFOPLIST_FILE = PulseTeachUITests/Info.plist;
				LD_RUNPATH_SEARCH_PATHS = "$(inherited) @executable_path/Frameworks @loader_path/Frameworks";
				PRODUCT_BUNDLE_IDENTIFIER = io.pulselab.PulseTeachUITests;
				PRODUCT_NAME = "$(TARGET_NAME)";
				TEST_TARGET_NAME = PulseTeach;
				USES_XCTRUNNER = YES;
			};
			name = Debug;
		};
		123AE4A21C29F90D0008CB21 /* Release */ = {
			isa = XCBuildConfiguration;
			buildSettings = {
				INFOPLIST_FILE = PulseTeachUITests/Info.plist;
				LD_RUNPATH_SEARCH_PATHS = "$(inherited) @executable_path/Frameworks @loader_path/Frameworks";
				PRODUCT_BUNDLE_IDENTIFIER = io.pulselab.PulseTeachUITests;
				PRODUCT_NAME = "$(TARGET_NAME)";
				TEST_TARGET_NAME = PulseTeach;
				USES_XCTRUNNER = YES;
			};
			name = Release;
		};
/* End XCBuildConfiguration section */

/* Begin XCConfigurationList section */
		123AE46D1C29F90C0008CB21 /* Build configuration list for PBXProject "PulseTeach" */ = {
			isa = XCConfigurationList;
			buildConfigurations = (
				123AE4981C29F90D0008CB21 /* Debug */,
				123AE4991C29F90D0008CB21 /* Release */,
			);
			defaultConfigurationIsVisible = 0;
			defaultConfigurationName = Release;
		};
		123AE49A1C29F90D0008CB21 /* Build configuration list for PBXNativeTarget "PulseTeach" */ = {
			isa = XCConfigurationList;
			buildConfigurations = (
				123AE49B1C29F90D0008CB21 /* Debug */,
				123AE49C1C29F90D0008CB21 /* Release */,
			);
			defaultConfigurationIsVisible = 0;
			defaultConfigurationName = Release;
		};
		123AE49D1C29F90D0008CB21 /* Build configuration list for PBXNativeTarget "PulseTeachTests" */ = {
			isa = XCConfigurationList;
			buildConfigurations = (
				123AE49E1C29F90D0008CB21 /* Debug */,
				123AE49F1C29F90D0008CB21 /* Release */,
			);
			defaultConfigurationIsVisible = 0;
			defaultConfigurationName = Release;
		};
		123AE4A01C29F90D0008CB21 /* Build configuration list for PBXNativeTarget "PulseTeachUITests" */ = {
			isa = XCConfigurationList;
			buildConfigurations = (
				123AE4A11C29F90D0008CB21 /* Debug */,
				123AE4A21C29F90D0008CB21 /* Release */,
			);
			defaultConfigurationIsVisible = 0;
			defaultConfigurationName = Release;
		};
/* End XCConfigurationList section */
	};
	rootObject = 123AE46A1C29F90C0008CB21 /* Project object */;
}
